
Microsoft Visual Studio Solution File, Format Version 12.00
# Visual Studio 2013
VisualStudioVersion = 12.0.40629.0
MinimumVisualStudioVersion = 10.0.40219.1
Project("{FAE04EC0-301F-11D3-BF4B-00C04F79EFBC}") = "Server", "Server\Server.csproj", "{25B0C152-A0E8-4873-B6F4-4888C59BA7F9}"
EndProject
Project("{FAE04EC0-301F-11D3-BF4B-00C04F79EFBC}") = "Client", "Client\Client.csproj", "{6DF9D6F7-F112-4FE6-9C2B-5079F9991144}"
EndProject
Global
	GlobalSection(SolutionConfigurationPlatforms) = preSolution
		Debug|Any CPU = Debug|Any CPU
		Release|Any CPU = Release|Any CPU
	EndGlobalSection
	GlobalSection(ProjectConfigurationPlatforms) = postSolution
		{25B0C152-A0E8-4873-B6F4-4888C59BA7F9}.Debug|Any CPU.ActiveCfg = Debug|Any CPU
		{25B0C152-A0E8-4873-B6F4-4888C59BA7F9}.Debug|Any CPU.Build.0 = Debug|Any CPU
		{25B0C152-A0E8-4873-B6F4-4888C59BA7F9}.Release|Any CPU.ActiveCfg = Release|Any CPU
		{25B0C152-A0E8-4873-B6F4-4888C59BA7F9}.Release|Any CPU.Build.0 = Release|Any CPU
		{6DF9D6F7-F112-4FE6-9C2B-5079F9991144}.Debug|Any CPU.ActiveCfg = Debug|Any CPU
		{6DF9D6F7-F112-4FE6-9C2B-5079F9991144}.Debug|Any CPU.Build.0 = Debug|Any CPU
		{6DF9D6F7-F112-4FE6-9C2B-5079F9991144}.Release|Any CPU.ActiveCfg = Release|Any CPU
		{6DF9D6F7-F112-4FE6-9C2B-5079F9991144}.Release|Any CPU.Build.0 = Release|Any CPU
	EndGlobalSection
	GlobalSection(SolutionProperties) = preSolution
		HideSolutionNode = FALSE
	EndGlobalSection
EndGlobal
